
Microsoft Visual Studio Solution File, Format Version 12.00
# Visual Studio Version 16
VisualStudioVersion = 16.0.30907.101
MinimumVisualStudioVersion = 10.0.40219.1
Project("{8BC9CEB8-8B4A-11D0-8D11-00A0C91BC942}") = "User Defined Data Types", "User Defined Data Types.vcxproj", "{65B7CAB0-7F50-4DB1-9C13-B93DB5538645}"
EndProject
Global
	GlobalSection(SolutionConfigurationPlatforms) = preSolution
		Debug|x64 = Debug|x64
		Debug|x86 = Debug|x86
		Release|x64 = Release|x64
		Release|x86 = Release|x86
	EndGlobalSection
	GlobalSection(ProjectConfigurationPlatforms) = postSolution
		{65B7CAB0-7F50-4DB1-9C13-B93DB5538645}.Debug|x64.ActiveCfg = Debug|x64
		{65B7CAB0-7F50-4DB1-9C13-B93DB5538645}.Debug|x64.Build.0 = Debug|x64
		{65B7CAB0-7F50-4DB1-9C13-B93DB5538645}.Debug|x86.ActiveCfg = Debug|Win32
		{65B7CAB0-7F50-4DB1-9C13-B93DB5538645}.Debug|x86.Build.0 = Debug|Win32
		{65B7CAB0-7F50-4DB1-9C13-B93DB5538645}.Release|x64.ActiveCfg = Release|x64
		{65B7CAB0-7F50-4DB1-9C13-B93DB5538645}.Release|x64.Build.0 = Release|x64
		{65B7CAB0-7F50-4DB1-9C13-B93DB5538645}.Release|x86.ActiveCfg = Release|Win32
		{65B7CAB0-7F50-4DB1-9C13-B93DB5538645}.Release|x86.Build.0 = Release|Win32
	EndGlobalSection
	GlobalSection(SolutionProperties) = preSolution
		HideSolutionNode = FALSE
	EndGlobalSection
	GlobalSection(ExtensibilityGlobals) = postSolution
		SolutionGuid = {323E93E7-AD9E-4AD4-B989-4FC4153D1148}
	EndGlobalSection
EndGlobal
