
Microsoft Visual Studio Solution File, Format Version 12.00
# Visual Studio Version 16
VisualStudioVersion = 16.0.30907.101
MinimumVisualStudioVersion = 10.0.40219.1
Project("{8BC9CEB8-8B4A-11D0-8D11-00A0C91BC942}") = "Project2", "Project2.vcxproj", "{09589C16-7238-488B-BDAF-2B3598EE9335}"
EndProject
Global
	GlobalSection(SolutionConfigurationPlatforms) = preSolution
		Debug|x64 = Debug|x64
		Debug|x86 = Debug|x86
		Release|x64 = Release|x64
		Release|x86 = Release|x86
	EndGlobalSection
	GlobalSection(ProjectConfigurationPlatforms) = postSolution
		{09589C16-7238-488B-BDAF-2B3598EE9335}.Debug|x64.ActiveCfg = Debug|x64
		{09589C16-7238-488B-BDAF-2B3598EE9335}.Debug|x64.Build.0 = Debug|x64
		{09589C16-7238-488B-BDAF-2B3598EE9335}.Debug|x86.ActiveCfg = Debug|Win32
		{09589C16-7238-488B-BDAF-2B3598EE9335}.Debug|x86.Build.0 = Debug|Win32
		{09589C16-7238-488B-BDAF-2B3598EE9335}.Release|x64.ActiveCfg = Release|x64
		{09589C16-7238-488B-BDAF-2B3598EE9335}.Release|x64.Build.0 = Release|x64
		{09589C16-7238-488B-BDAF-2B3598EE9335}.Release|x86.ActiveCfg = Release|Win32
		{09589C16-7238-488B-BDAF-2B3598EE9335}.Release|x86.Build.0 = Release|Win32
	EndGlobalSection
	GlobalSection(SolutionProperties) = preSolution
		HideSolutionNode = FALSE
	EndGlobalSection
	GlobalSection(ExtensibilityGlobals) = postSolution
		SolutionGuid = {BCF1F5DD-4C3D-4FF9-9D68-F9D80C3C8DE7}
	EndGlobalSection
EndGlobal
